
Microsoft Visual Studio Solution File, Format Version 12.00
# Visual Studio Version 17
VisualStudioVersion = 17.1.32210.238
MinimumVisualStudioVersion = 10.0.40219.1
Project("{FAE04EC0-301F-11D3-BF4B-00C04F79EFBC}") = "AFOrchestration", "AFOrchestration\AFOrchestration.csproj", "{FC9F5F15-09D4-43E2-A8EC-75D8D7DB3DEE}"
EndProject
Global
	GlobalSection(SolutionConfigurationPlatforms) = preSolution
		Debug|Any CPU = Debug|Any CPU
		Release|Any CPU = Release|Any CPU
	EndGlobalSection
	GlobalSection(ProjectConfigurationPlatforms) = postSolution
		{FC9F5F15-09D4-43E2-A8EC-75D8D7DB3DEE}.Debug|Any CPU.ActiveCfg = Debug|Any CPU
		{FC9F5F15-09D4-43E2-A8EC-75D8D7DB3DEE}.Debug|Any CPU.Build.0 = Debug|Any CPU
		{FC9F5F15-09D4-43E2-A8EC-75D8D7DB3DEE}.Release|Any CPU.ActiveCfg = Release|Any CPU
		{FC9F5F15-09D4-43E2-A8EC-75D8D7DB3DEE}.Release|Any CPU.Build.0 = Release|Any CPU
	EndGlobalSection
	GlobalSection(SolutionProperties) = preSolution
		HideSolutionNode = FALSE
	EndGlobalSection
	GlobalSection(ExtensibilityGlobals) = postSolution
		SolutionGuid = {0AF80CFA-0607-4BC5-90B6-82E07EF017E5}
	EndGlobalSection
EndGlobal
